github.com/alecthomas/assert/v2 v2.10.0 h1:jjRCHsj6hBJhkmhznrCzoNpbA3zqy0fYiUcYZP/GkPY=
github.com/alecthomas/assert/v2 v2.10.0/go.mod h1:Bze95FyfUr7x34QZrjL+XP+0qgp/zg8yS+TtBj1WA3k=
github.com/alecthomas/repr v0.4.0 h1:GhI2A8MACjfegCPVq9f1FLvIBS+DrQ2KQBFZP1iFzXc=
github.com/alecthomas/repr v0.4.0/go.mod h1:Fr0507jx4eOXV7AlPV6AVZLYrLIuIeSOWtW57eE/O/4=
github.com/go-test/deep v1.0.1 h1:UQhStjbkDClarlmv0am7OXXO4/GaPdCGiUiMTvi28sg=
github.com/go-test/deep v1.0.1/go.mod h1:wGDj63lr65AM2AQyKZd/NYHGb0R+1RLqB8NKt3aSFNA=
github.com/hexops/gotextdiff v1.0.3 h1:gitA9+qJrrTCsiCl7+kh75nPqQt1cx4ZkudSTLoUqJM=
github.com/hexops/gotextdiff v1.0.3/go.mod h1:pSWU5MAI3yDq+fZBTazCSJysOMbxWL1BSow5/V2vxeg=
github.com/mfbonfigli/golaz v0.1.2 h1:W4Qh8Pk+y1EO/GcX1HwMYWCKoxiGZWQtBqqljILKynA=
github.com/mfbonfigli/golaz v0.1.2/go.mod h1:yHOyvxbEPv627E4wA3+jTZrdMXx5jeYN9V6O8IaKcNM=
github.com/qmuntal/gltf v0.28.0 h1:C4A1temWMPtcI2+qNfpfRq8FEJxoBGUN3ZZM8BCc+xU=
github.com/qmuntal/gltf v0.28.0/go.mod h1:YoXZOt0Nc0kIfSKOLZIRoV4FycdC+GzE+3JgiAGYoMs=
github.com/twpayne/go-proj/v10 v10.5.0 h1:ddJoVtaRhxv26hkZOgpiuL0BgLUxmd9jDkVd4b+B88o=
github.com/twpayne/go-proj/v10 v10.5.0/go.mod h1:BimEgbWRW6P4WstSYdrwZxx+92zCwTzxByVdOGnWSOs=
